
Microsoft Visual Studio Solution File, Format Version 10.00
# Visual Studio 2008
Project("{FAE04EC0-301F-11D3-BF4B-00C04F79EFBC}") = "FluentTime", "FluentTime\FluentTime.csproj", "{07AF4030-CDFE-4957-B4A3-1DDF53D5286E}"
EndProject
Project("{FAE04EC0-301F-11D3-BF4B-00C04F79EFBC}") = "FluentTime.Tests", "FluentTime.Tests\FluentTime.Tests.csproj", "{A23B5197-6B43-49D1-9960-0C0AFC1B2CA4}"
EndProject
Global
	GlobalSection(SolutionConfigurationPlatforms) = preSolution
		Debug|Any CPU = Debug|Any CPU
		Release|Any CPU = Release|Any CPU
	EndGlobalSection
	GlobalSection(ProjectConfigurationPlatforms) = postSolution
		{07AF4030-CDFE-4957-B4A3-1DDF53D5286E}.Debug|Any CPU.ActiveCfg = Debug|Any CPU
		{07AF4030-CDFE-4957-B4A3-1DDF53D5286E}.Debug|Any CPU.Build.0 = Debug|Any CPU
		{07AF4030-CDFE-4957-B4A3-1DDF53D5286E}.Release|Any CPU.ActiveCfg = Release|Any CPU
		{07AF4030-CDFE-4957-B4A3-1DDF53D5286E}.Release|Any CPU.Build.0 = Release|Any CPU
		{A23B5197-6B43-49D1-9960-0C0AFC1B2CA4}.Debug|Any CPU.ActiveCfg = Debug|Any CPU
		{A23B5197-6B43-49D1-9960-0C0AFC1B2CA4}.Debug|Any CPU.Build.0 = Debug|Any CPU
		{A23B5197-6B43-49D1-9960-0C0AFC1B2CA4}.Release|Any CPU.ActiveCfg = Release|Any CPU
		{A23B5197-6B43-49D1-9960-0C0AFC1B2CA4}.Release|Any CPU.Build.0 = Release|Any CPU
	EndGlobalSection
	GlobalSection(MonoDevelopProperties) = preSolution
		StartupItem = FluentTime\FluentTime.csproj
	EndGlobalSection
EndGlobal
